PODS:
  - Flutter (1.0.0)
  - rms-mobile-xdk-cocoapods (3.33.6)
  - rms_mobile_xdk_flutter (0.0.1):
    - Flutter
    - rms-mobile-xdk-cocoapods (~> 3.33.6)

DEPENDENCIES:
  - Flutter (from `Flutter`)
  - rms_mobile_xdk_flutter (from `.symlinks/plugins/rms_mobile_xdk_flutter/ios`)

SPEC REPOS:
  trunk:
    - rms-mobile-xdk-cocoapods

EXTERNAL SOURCES:
  Flutter:
    :path: Flutter
  rms_mobile_xdk_flutter:
    :path: ".symlinks/plugins/rms_mobile_xdk_flutter/ios"

SPEC CHECKSUMS:
  Flutter: e0871f40cf51350855a761d2e70bf5af5b9b5de7
  rms-mobile-xdk-cocoapods: dd2d458b6b3ff05dbe592234d99229603ca45815
  rms_mobile_xdk_flutter: a2a4126f9e325f57e69e9238d750cd85ace74f1b

PODFILE CHECKSUM: 819463e6a0290f5a72f145ba7cde16e8b6ef0796

COCOAPODS: 1.14.3
