PODS:
  - Flutter (1.0.0)
  - rms-mobile-xdk-cocoapods (3.32.1)
  - rms_mobile_xdk_flutter (0.0.1):
    - Flutter
    - rms-mobile-xdk-cocoapods (~> 3.32.1)

DEPENDENCIES:
  - Flutter (from `Flutter`)
  - rms_mobile_xdk_flutter (from `.symlinks/plugins/rms_mobile_xdk_flutter/ios`)

SPEC REPOS:
  trunk:
    - rms-mobile-xdk-cocoapods

EXTERNAL SOURCES:
  Flutter:
    :path: Flutter
  rms_mobile_xdk_flutter:
    :path: ".symlinks/plugins/rms_mobile_xdk_flutter/ios"

SPEC CHECKSUMS:
  Flutter: f04841e97a9d0b0a8025694d0796dd46242b2854
  rms-mobile-xdk-cocoapods: 2f82a706eb243dffdeb6ce1e02af83ea32365be9
  rms_mobile_xdk_flutter: 9b6b79d41bad957efed380d25019561e27e6e58c

PODFILE CHECKSUM: 8e679eca47255a8ca8067c4c67aab20e64cb974d

COCOAPODS: 1.14.3
